<?xml version="1.0" encoding="utf-8"?>
<Project ToolsVersion="4.0" xmlns="http://schemas.microsoft.com/developer/msbuild/2003">
  <ItemGroup>
    <Filter Include="Source">
      <UniqueIdentifier>{4FC737F1-C7A5-4376-A066-2A32D752A2FF}</UniqueIdentifier>
      <Extensions>cpp;c;cc;cxx;def;odl;idl;hpj;bat;asm;asmx</Extensions>
    </Filter>
    <Filter Include="Resource">
      <UniqueIdentifier>{67DA6AB6-F800-4c08-8B7A-83BB121AAD01}</UniqueIdentifier>
      <Extensions>rc;ico;cur;bmp;dlg;rc2;rct;bin;rgs;gif;jpg;jpeg;jpe;resx;tiff;tif;png;wav;mfcribbon-ms</Extensions>
    </Filter>
    <Filter Include="Headers">
      <UniqueIdentifier>{93995380-89BD-4b04-88EB-625FBE52EBFB}</UniqueIdentifier>
      <Extensions>h;hh;hpp;hxx;hm;inl;inc;xsd</Extensions>
    </Filter>
    <Filter Include="Headers\ImageProcessing">
      <UniqueIdentifier>{6f347dbf-3ad4-468b-b7b0-761aaa1ea355}</UniqueIdentifier>
    </Filter>
    <Filter Include="Headers\ImageProcessing\DIPDefine">
      <UniqueIdentifier>{4764f438-12c1-433d-bf06-b375dc238b62}</UniqueIdentifier>
    </Filter>
    <Filter Include="Source\ImageProcessing">
      <UniqueIdentifier>{9c579a89-af8a-4326-8774-a754b2549a82}</UniqueIdentifier>
    </Filter>
  </ItemGroup>
  <ItemGroup>
    <Text Include="ReadMe.txt" />
  </ItemGroup>
  <ItemGroup>
    <ClInclude Include="stdafx.h">
      <Filter>Headers</Filter>
    </ClInclude>
    <ClInclude Include="targetver.h">
      <Filter>Headers</Filter>
    </ClInclude>
    <ClInclude Include="ImageProcessing\BasicFunctions.h">
      <Filter>Headers\ImageProcessing</Filter>
    </ClInclude>
    <ClInclude Include="ImageProcessing\BMPFileIO.h">
      <Filter>Headers\ImageProcessing</Filter>
    </ClInclude>
    <ClInclude Include="ImageProcessing\Conversion.h">
      <Filter>Headers\ImageProcessing</Filter>
    </ClInclude>
    <ClInclude Include="ImageProcessing\MainImageProcessing.h">
      <Filter>Headers\ImageProcessing</Filter>
    </ClInclude>
    <ClInclude Include="ImageProcessing\DIPDefine\DIPDefine.h">
      <Filter>Headers\ImageProcessing\DIPDefine</Filter>
    </ClInclude>
    <ClInclude Include="unistd.h">
      <Filter>Headers</Filter>
    </ClInclude>
    <ClInclude Include="ffmpeg_decoder.h">
      <Filter>Headers</Filter>
    </ClInclude>
  </ItemGroup>
  <ItemGroup>
    <ClCompile Include="stdafx.cpp">
      <Filter>Source</Filter>
    </ClCompile>
    <ClCompile Include="ffmpeg_decoder.cpp">
      <Filter>Source</Filter>
    </ClCompile>
    <ClCompile Include="ImageProcessing\BasicFunctions.cpp">
      <Filter>Source\ImageProcessing</Filter>
    </ClCompile>
    <ClCompile Include="ImageProcessing\BMPFileIO.cpp">
      <Filter>Source\ImageProcessing</Filter>
    </ClCompile>
    <ClCompile Include="ImageProcessing\Conversion.cpp">
      <Filter>Source\ImageProcessing</Filter>
    </ClCompile>
    <ClCompile Include="ImageProcessing\MainImageProcessing.cpp">
      <Filter>Source\ImageProcessing</Filter>
    </ClCompile>
  </ItemGroup>
</Project>